// !$*UTF8*$!
{
	archiveVersion = 1;
	classes = {
	};
	objectVersion = 56;
	objects = {

/* Begin PBXBuildFile section */
		C02638742C40B3AD00CC7055 /* ChatterBoxAppApp.swift in Sources */ = {isa = PBXBuildFile; fileRef = C02638732C40B3AD00CC7055 /* ChatterBoxAppApp.swift */; };
		C02638782C40B3AF00CC7055 /* Assets.xcassets in Resources */ = {isa = PBXBuildFile; fileRef = C02638772C40B3AF00CC7055 /* Assets.xcassets */; };
		C026387B2C40B3AF00CC7055 /* Preview Assets.xcassets in Resources */ = {isa = PBXBuildFile; fileRef = C026387A2C40B3AF00CC7055 /* Preview Assets.xcassets */; };
		C02638832C40B41400CC7055 /* String.swift in Sources */ = {isa = PBXBuildFile; fileRef = C02638822C40B41400CC7055 /* String.swift */; };
		C026389E2C44A5E200CC7055 /* Message.swift in Sources */ = {isa = PBXBuildFile; fileRef = C026389D2C44A5E200CC7055 /* Message.swift */; };
		C02638AE2C44A70600CC7055 /* LoginView.swift in Sources */ = {isa = PBXBuildFile; fileRef = C02638AD2C44A70600CC7055 /* LoginView.swift */; };
		C02638B02C44A71800CC7055 /* RegisterView.swift in Sources */ = {isa = PBXBuildFile; fileRef = C02638AF2C44A71800CC7055 /* RegisterView.swift */; };
		C02638E62C487E0200CC7055 /* GoogleService-Info.plist in Resources */ = {isa = PBXBuildFile; fileRef = C02638E52C487E0200CC7055 /* GoogleService-Info.plist */; };
		C02638E92C487F7300CC7055 /* FirebaseAuth in Frameworks */ = {isa = PBXBuildFile; productRef = C02638E82C487F7300CC7055 /* FirebaseAuth */; };
		C02638EB2C49798300CC7055 /* TitleRow.swift in Sources */ = {isa = PBXBuildFile; fileRef = C02638EA2C49798300CC7055 /* TitleRow.swift */; };
		C02638F12C49C6E500CC7055 /* ContentView.swift in Sources */ = {isa = PBXBuildFile; fileRef = C02638F02C49C6E500CC7055 /* ContentView.swift */; };
		C027D1BB2C49CACB00FF93BE /* MessageBubble.swift in Sources */ = {isa = PBXBuildFile; fileRef = C027D1BA2C49CACB00FF93BE /* MessageBubble.swift */; };
		C027D1BD2C49F62500FF93BE /* Extensions.swift in Sources */ = {isa = PBXBuildFile; fileRef = C027D1BC2C49F62500FF93BE /* Extensions.swift */; };
		C027D1BF2C4A028700FF93BE /* MessageField.swift in Sources */ = {isa = PBXBuildFile; fileRef = C027D1BE2C4A028700FF93BE /* MessageField.swift */; };
		C0B1FA4B2C4B43C100B69F24 /* FirebaseFirestore in Frameworks */ = {isa = PBXBuildFile; productRef = C0B1FA4A2C4B43C100B69F24 /* FirebaseFirestore */; };
		C0B1FA4D2C4B43C100B69F24 /* FirebaseFirestoreSwift in Frameworks */ = {isa = PBXBuildFile; productRef = C0B1FA4C2C4B43C100B69F24 /* FirebaseFirestoreSwift */; };
		C0B1FA4F2C4B511D00B69F24 /* MessagesManager.swift in Sources */ = {isa = PBXBuildFile; fileRef = C0B1FA4E2C4B511D00B69F24 /* MessagesManager.swift */; };
/* End PBXBuildFile section */

/* Begin PBXFileReference section */
		C02638702C40B3AD00CC7055 /* ChatterBoxApp.app */ = {isa = PBXFileReference; explicitFileType = wrapper.application; includeInIndex = 0; path = ChatterBoxApp.app; sourceTree = BUILT_PRODUCTS_DIR; };
		C02638732C40B3AD00CC7055 /* ChatterBoxAppApp.swift */ = {isa = PBXFileReference; lastKnownFileType = sourcecode.swift; path = ChatterBoxAppApp.swift; sourceTree = "<group>"; };
		C02638772C40B3AF00CC7055 /* Assets.xcassets */ = {isa = PBXFileReference; lastKnownFileType = folder.assetcatalog; path = Assets.xcassets; sourceTree = "<group>"; };
		C026387A2C40B3AF00CC7055 /* Preview Assets.xcassets */ = {isa = PBXFileReference; lastKnownFileType = folder.assetcatalog; path = "Preview Assets.xcassets"; sourceTree = "<group>"; };
		C02638822C40B41400CC7055 /* String.swift */ = {isa = PBXFileReference; lastKnownFileType = sourcecode.swift; path = String.swift; sourceTree = "<group>"; };
		C026389D2C44A5E200CC7055 /* Message.swift */ = {isa = PBXFileReference; lastKnownFileType = sourcecode.swift; path = Message.swift; sourceTree = "<group>"; };
		C02638AD2C44A70600CC7055 /* LoginView.swift */ = {isa = PBXFileReference; lastKnownFileType = sourcecode.swift; path = LoginView.swift; sourceTree = "<group>"; };
		C02638AF2C44A71800CC7055 /* RegisterView.swift */ = {isa = PBXFileReference; lastKnownFileType = sourcecode.swift; path = RegisterView.swift; sourceTree = "<group>"; };
		C02638E52C487E0200CC7055 /* GoogleService-Info.plist */ = {isa = PBXFileReference; fileEncoding = 4; lastKnownFileType = text.plist.xml; name = "GoogleService-Info.plist"; path = "../../GoogleService-Info.plist"; sourceTree = "<group>"; };
		C02638EA2C49798300CC7055 /* TitleRow.swift */ = {isa = PBXFileReference; lastKnownFileType = sourcecode.swift; path = TitleRow.swift; sourceTree = "<group>"; };
		C02638F02C49C6E500CC7055 /* ContentView.swift */ = {isa = PBXFileReference; lastKnownFileType = sourcecode.swift; path = ContentView.swift; sourceTree = "<group>"; };
		C027D1BA2C49CACB00FF93BE /* MessageBubble.swift */ = {isa = PBXFileReference; lastKnownFileType = sourcecode.swift; path = MessageBubble.swift; sourceTree = "<group>"; };
		C027D1BC2C49F62500FF93BE /* Extensions.swift */ = {isa = PBXFileReference; lastKnownFileType = sourcecode.swift; path = Extensions.swift; sourceTree = "<group>"; };
		C027D1BE2C4A028700FF93BE /* MessageField.swift */ = {isa = PBXFileReference; lastKnownFileType = sourcecode.swift; path = MessageField.swift; sourceTree = "<group>"; };
		C0B1FA4E2C4B511D00B69F24 /* MessagesManager.swift */ = {isa = PBXFileReference; lastKnownFileType = sourcecode.swift; path = MessagesManager.swift; sourceTree = "<group>"; };
/* End PBXFileReference section */

/* Begin PBXFrameworksBuildPhase section */
		C026386D2C40B3AD00CC7055 /* Frameworks */ = {
			isa = PBXFrameworksBuildPhase;
			buildActionMask = 2147483647;
			files = (
				C02638E92C487F7300CC7055 /* FirebaseAuth in Frameworks */,
				C0B1FA4B2C4B43C100B69F24 /* FirebaseFirestore in Frameworks */,
				C0B1FA4D2C4B43C100B69F24 /* FirebaseFirestoreSwift in Frameworks */,
			);
			runOnlyForDeploymentPostprocessing = 0;
		};
/* End PBXFrameworksBuildPhase section */

/* Begin PBXGroup section */
		C02638672C40B3AD00CC7055 = {
			isa = PBXGroup;
			children = (
				C02638722C40B3AD00CC7055 /* ChatterBoxApp */,
				C02638712C40B3AD00CC7055 /* Products */,
			);
			sourceTree = "<group>";
		};
		C02638712C40B3AD00CC7055 /* Products */ = {
			isa = PBXGroup;
			children = (
				C02638702C40B3AD00CC7055 /* ChatterBoxApp.app */,
			);
			name = Products;
			sourceTree = "<group>";
		};
		C02638722C40B3AD00CC7055 /* ChatterBoxApp */ = {
			isa = PBXGroup;
			children = (
				C02638732C40B3AD00CC7055 /* ChatterBoxAppApp.swift */,
				C02638F02C49C6E500CC7055 /* ContentView.swift */,
				C0B1FA4E2C4B511D00B69F24 /* MessagesManager.swift */,
				C02638812C40B3EA00CC7055 /* Extensions */,
				C02638922C40CB7800CC7055 /* Authentication */,
				C026388F2C40CB5600CC7055 /* Components */,
				C02638852C40C0B800CC7055 /* Models */,
				C02638772C40B3AF00CC7055 /* Assets.xcassets */,
				C02638E52C487E0200CC7055 /* GoogleService-Info.plist */,
				C02638792C40B3AF00CC7055 /* Preview Content */,
			);
			path = ChatterBoxApp;
			sourceTree = "<group>";
		};
		C02638792C40B3AF00CC7055 /* Preview Content */ = {
			isa = PBXGroup;
			children = (
				C026387A2C40B3AF00CC7055 /* Preview Assets.xcassets */,
			);
			path = "Preview Content";
			sourceTree = "<group>";
		};
		C02638812C40B3EA00CC7055 /* Extensions */ = {
			isa = PBXGroup;
			children = (
				C02638822C40B41400CC7055 /* String.swift */,
				C027D1BC2C49F62500FF93BE /* Extensions.swift */,
			);
			path = Extensions;
			sourceTree = "<group>";
		};
		C02638852C40C0B800CC7055 /* Models */ = {
			isa = PBXGroup;
			children = (
				C026389D2C44A5E200CC7055 /* Message.swift */,
			);
			path = Models;
			sourceTree = "<group>";
		};
		C026388F2C40CB5600CC7055 /* Components */ = {
			isa = PBXGroup;
			children = (
				C02638EA2C49798300CC7055 /* TitleRow.swift */,
				C027D1BA2C49CACB00FF93BE /* MessageBubble.swift */,
				C027D1BE2C4A028700FF93BE /* MessageField.swift */,
			);
			path = Components;
			sourceTree = "<group>";
		};
		C02638922C40CB7800CC7055 /* Authentication */ = {
			isa = PBXGroup;
			children = (
				C02638AD2C44A70600CC7055 /* LoginView.swift */,
				C02638AF2C44A71800CC7055 /* RegisterView.swift */,
			);
			path = Authentication;
			sourceTree = "<group>";
		};
/* End PBXGroup section */

/* Begin PBXNativeTarget section */
		C026386F2C40B3AD00CC7055 /* ChatterBoxApp */ = {
			isa = PBXNativeTarget;
			buildConfigurationList = C026387E2C40B3AF00CC7055 /* Build configuration list for PBXNativeTarget "ChatterBoxApp" */;
			buildPhases = (
				C026386C2C40B3AD00CC7055 /* Sources */,
				C026386D2C40B3AD00CC7055 /* Frameworks */,
				C026386E2C40B3AD00CC7055 /* Resources */,
			);
			buildRules = (
			);
			dependencies = (
			);
			name = ChatterBoxApp;
			packageProductDependencies = (
				C02638E82C487F7300CC7055 /* FirebaseAuth */,
				C0B1FA4A2C4B43C100B69F24 /* FirebaseFirestore */,
				C0B1FA4C2C4B43C100B69F24 /* FirebaseFirestoreSwift */,
			);
			productName = ChatterBoxApp;
			productReference = C02638702C40B3AD00CC7055 /* ChatterBoxApp.app */;
			productType = "com.apple.product-type.application";
		};
/* End PBXNativeTarget section */

/* Begin PBXProject section */
		C02638682C40B3AD00CC7055 /* Project object */ = {
			isa = PBXProject;
			attributes = {
				BuildIndependentTargetsInParallel = 1;
				LastSwiftUpdateCheck = 1530;
				LastUpgradeCheck = 1530;
				TargetAttributes = {
					C026386F2C40B3AD00CC7055 = {
						CreatedOnToolsVersion = 15.3;
					};
				};
			};
			buildConfigurationList = C026386B2C40B3AD00CC7055 /* Build configuration list for PBXProject "ChatterBoxApp" */;
			compatibilityVersion = "Xcode 14.0";
			developmentRegion = en;
			hasScannedForEncodings = 0;
			knownRegions = (
				en,
				Base,
			);
			mainGroup = C02638672C40B3AD00CC7055;
			packageReferences = (
				C02638E72C487F7300CC7055 /* XCRemoteSwiftPackageReference "firebase-ios-sdk" */,
			);
			productRefGroup = C02638712C40B3AD00CC7055 /* Products */;
			projectDirPath = "";
			projectRoot = "";
			targets = (
				C026386F2C40B3AD00CC7055 /* ChatterBoxApp */,
			);
		};
/* End PBXProject section */

/* Begin PBXResourcesBuildPhase section */
		C026386E2C40B3AD00CC7055 /* Resources */ = {
			isa = PBXResourcesBuildPhase;
			buildActionMask = 2147483647;
			files = (
				C026387B2C40B3AF00CC7055 /* Preview Assets.xcassets in Resources */,
				C02638782C40B3AF00CC7055 /* Assets.xcassets in Resources */,
				C02638E62C487E0200CC7055 /* GoogleService-Info.plist in Resources */,
			);
			runOnlyForDeploymentPostprocessing = 0;
		};
/* End PBXResourcesBuildPhase section */

/* Begin PBXSourcesBuildPhase section */
		C026386C2C40B3AD00CC7055 /* Sources */ = {
			isa = PBXSourcesBuildPhase;
			buildActionMask = 2147483647;
			files = (
				C02638832C40B41400CC7055 /* String.swift in Sources */,
				C027D1BD2C49F62500FF93BE /* Extensions.swift in Sources */,
				C027D1BF2C4A028700FF93BE /* MessageField.swift in Sources */,
				C02638F12C49C6E500CC7055 /* ContentView.swift in Sources */,
				C02638742C40B3AD00CC7055 /* ChatterBoxAppApp.swift in Sources */,
				C02638B02C44A71800CC7055 /* RegisterView.swift in Sources */,
				C026389E2C44A5E200CC7055 /* Message.swift in Sources */,
				C02638EB2C49798300CC7055 /* TitleRow.swift in Sources */,
				C02638AE2C44A70600CC7055 /* LoginView.swift in Sources */,
				C027D1BB2C49CACB00FF93BE /* MessageBubble.swift in Sources */,
				C0B1FA4F2C4B511D00B69F24 /* MessagesManager.swift in Sources */,
			);
			runOnlyForDeploymentPostprocessing = 0;
		};
/* End PBXSourcesBuildPhase section */

/* Begin XCBuildConfiguration section */
		C026387C2C40B3AF00CC7055 /* Debug */ = {
			isa = XCBuildConfiguration;
			buildSettings = {
				ALWAYS_SEARCH_USER_PATHS = NO;
				ASSETCATALOG_COMPILER_GENERATE_SWIFT_ASSET_SYMBOL_EXTENSIONS = YES;
				CLANG_ANALYZER_NONNULL = YES;
				CLANG_ANALYZER_NUMBER_OBJECT_CONVERSION = YES_AGGRESSIVE;
				CLANG_CXX_LANGUAGE_STANDARD = "gnu++20";
				CLANG_ENABLE_MODULES = YES;
				CLANG_ENABLE_OBJC_ARC = YES;
				CLANG_ENABLE_OBJC_WEAK = YES;
				CLANG_WARN_BLOCK_CAPTURE_AUTORELEASING = YES;
				CLANG_WARN_BOOL_CONVERSION = YES;
				CLANG_WARN_COMMA = YES;
				CLANG_WARN_CONSTANT_CONVERSION = YES;
				CLANG_WARN_DEPRECATED_OBJC_IMPLEMENTATIONS = YES;
				CLANG_WARN_DIRECT_OBJC_ISA_USAGE = YES_ERROR;
				CLANG_WARN_DOCUMENTATION_COMMENTS = YES;
				CLANG_WARN_EMPTY_BODY = YES;
				CLANG_WARN_ENUM_CONVERSION = YES;
				CLANG_WARN_INFINITE_RECURSION = YES;
				CLANG_WARN_INT_CONVERSION = YES;
				CLANG_WARN_NON_LITERAL_NULL_CONVERSION = YES;
				CLANG_WARN_OBJC_IMPLICIT_RETAIN_SELF = YES;
				CLANG_WARN_OBJC_LITERAL_CONVERSION = YES;
				CLANG_WARN_OBJC_ROOT_CLASS = YES_ERROR;
				CLANG_WARN_QUOTED_INCLUDE_IN_FRAMEWORK_HEADER = YES;
				CLANG_WARN_RANGE_LOOP_ANALYSIS = YES;
				CLANG_WARN_STRICT_PROTOTYPES = YES;
				CLANG_WARN_SUSPICIOUS_MOVE = YES;
				CLANG_WARN_UNGUARDED_AVAILABILITY = YES_AGGRESSIVE;
				CLANG_WARN_UNREACHABLE_CODE = YES;
				CLANG_WARN__DUPLICATE_METHOD_MATCH = YES;
				COPY_PHASE_STRIP = NO;
				DEBUG_INFORMATION_FORMAT = dwarf;
				ENABLE_STRICT_OBJC_MSGSEND = YES;
				ENABLE_TESTABILITY = YES;
				ENABLE_USER_SCRIPT_SANDBOXING = YES;
				GCC_C_LANGUAGE_STANDARD = gnu17;
				GCC_DYNAMIC_NO_PIC = NO;
				GCC_NO_COMMON_BLOCKS = YES;
				GCC_OPTIMIZATION_LEVEL = 0;
				GCC_PREPROCESSOR_DEFINITIONS = (
					"DEBUG=1",
					"$(inherited)",
				);
				GCC_WARN_64_TO_32_BIT_CONVERSION = YES;
				GCC_WARN_ABOUT_RETURN_TYPE = YES_ERROR;
				GCC_WARN_UNDECLARED_SELECTOR = YES;
				GCC_WARN_UNINITIALIZED_AUTOS = YES_AGGRESSIVE;
				GCC_WARN_UNUSED_FUNCTION = YES;
				GCC_WARN_UNUSED_VARIABLE = YES;
				IPHONEOS_DEPLOYMENT_TARGET = 17.4;
				LOCALIZATION_PREFERS_STRING_CATALOGS = YES;
				MTL_ENABLE_DEBUG_INFO = INCLUDE_SOURCE;
				MTL_FAST_MATH = YES;
				ONLY_ACTIVE_ARCH = YES;
				SDKROOT = iphoneos;
				SWIFT_ACTIVE_COMPILATION_CONDITIONS = "DEBUG $(inherited)";
				SWIFT_OPTIMIZATION_LEVEL = "-Onone";
			};
			name = Debug;
		};
		C026387D2C40B3AF00CC7055 /* Release */ = {
			isa = XCBuildConfiguration;
			buildSettings = {
				ALWAYS_SEARCH_USER_PATHS = NO;
				ASSETCATALOG_COMPILER_GENERATE_SWIFT_ASSET_SYMBOL_EXTENSIONS = YES;
				CLANG_ANALYZER_NONNULL = YES;
				CLANG_ANALYZER_NUMBER_OBJECT_CONVERSION = YES_AGGRESSIVE;
				CLANG_CXX_LANGUAGE_STANDARD = "gnu++20";
				CLANG_ENABLE_MODULES = YES;
				CLANG_ENABLE_OBJC_ARC = YES;
				CLANG_ENABLE_OBJC_WEAK = YES;
				CLANG_WARN_BLOCK_CAPTURE_AUTORELEASING = YES;
				CLANG_WARN_BOOL_CONVERSION = YES;
				CLANG_WARN_COMMA = YES;
				CLANG_WARN_CONSTANT_CONVERSION = YES;
				CLANG_WARN_DEPRECATED_OBJC_IMPLEMENTATIONS = YES;
				CLANG_WARN_DIRECT_OBJC_ISA_USAGE = YES_ERROR;
				CLANG_WARN_DOCUMENTATION_COMMENTS = YES;
				CLANG_WARN_EMPTY_BODY = YES;
				CLANG_WARN_ENUM_CONVERSION = YES;
				CLANG_WARN_INFINITE_RECURSION = YES;
				CLANG_WARN_INT_CONVERSION = YES;
				CLANG_WARN_NON_LITERAL_NULL_CONVERSION = YES;
				CLANG_WARN_OBJC_IMPLICIT_RETAIN_SELF = YES;
				CLANG_WARN_OBJC_LITERAL_CONVERSION = YES;
				CLANG_WARN_OBJC_ROOT_CLASS = YES_ERROR;
				CLANG_WARN_QUOTED_INCLUDE_IN_FRAMEWORK_HEADER = YES;
				CLANG_WARN_RANGE_LOOP_ANALYSIS = YES;
				CLANG_WARN_STRICT_PROTOTYPES = YES;
				CLANG_WARN_SUSPICIOUS_MOVE = YES;
				CLANG_WARN_UNGUARDED_AVAILABILITY = YES_AGGRESSIVE;
				CLANG_WARN_UNREACHABLE_CODE = YES;
				CLANG_WARN__DUPLICATE_METHOD_MATCH = YES;
				COPY_PHASE_STRIP = NO;
				DEBUG_INFORMATION_FORMAT = "dwarf-with-dsym";
				ENABLE_NS_ASSERTIONS = NO;
				ENABLE_STRICT_OBJC_MSGSEND = YES;
				ENABLE_USER_SCRIPT_SANDBOXING = YES;
				GCC_C_LANGUAGE_STANDARD = gnu17;
				GCC_NO_COMMON_BLOCKS = YES;
				GCC_WARN_64_TO_32_BIT_CONVERSION = YES;
				GCC_WARN_ABOUT_RETURN_TYPE = YES_ERROR;
				GCC_WARN_UNDECLARED_SELECTOR = YES;
				GCC_WARN_UNINITIALIZED_AUTOS = YES_AGGRESSIVE;
				GCC_WARN_UNUSED_FUNCTION = YES;
				GCC_WARN_UNUSED_VARIABLE = YES;
				IPHONEOS_DEPLOYMENT_TARGET = 17.4;
				LOCALIZATION_PREFERS_STRING_CATALOGS = YES;
				MTL_ENABLE_DEBUG_INFO = NO;
				MTL_FAST_MATH = YES;
				SDKROOT = iphoneos;
				SWIFT_COMPILATION_MODE = wholemodule;
				VALIDATE_PRODUCT = YES;
			};
			name = Release;
		};
		C026387F2C40B3AF00CC7055 /* Debug */ = {
			isa = XCBuildConfiguration;
			buildSettings = {
				ASSETCATALOG_COMPILER_APPICON_NAME = AppIcon;
				ASSETCATALOG_COMPILER_GLOBAL_ACCENT_COLOR_NAME = AccentColor;
				CODE_SIGN_STYLE = Automatic;
				CURRENT_PROJECT_VERSION = 1;
				DEVELOPMENT_ASSET_PATHS = "\"ChatterBoxApp/Preview Content\"";
				DEVELOPMENT_TEAM = YZ486P9K6S;
				ENABLE_PREVIEWS = YES;
				GENERATE_INFOPLIST_FILE = YES;
				INFOPLIST_KEY_UIApplicationSceneManifest_Generation = YES;
				INFOPLIST_KEY_UIApplicationSupportsIndirectInputEvents = YES;
				INFOPLIST_KEY_UILaunchScreen_Generation = YES;
				INFOPLIST_KEY_UISupportedInterfaceOrientations_iPad = "UIInterfaceOrientationPortrait UIInterfaceOrientationPortraitUpsideDown UIInterfaceOrientationLandscapeLeft UIInterfaceOrientationLandscapeRight";
				INFOPLIST_KEY_UISupportedInterfaceOrientations_iPhone = "UIInterfaceOrientationPortrait UIInterfaceOrientationLandscapeLeft UIInterfaceOrientationLandscapeRight";
				LD_RUNPATH_SEARCH_PATHS = (
					"$(inherited)",
					"@executable_path/Frameworks",
				);
				MARKETING_VERSION = 1.0;
				PRODUCT_BUNDLE_IDENTIFIER = ios.ecf.fiu.edu.ChatterBoxApp;
				PRODUCT_NAME = "$(TARGET_NAME)";
				SWIFT_EMIT_LOC_STRINGS = YES;
				SWIFT_VERSION = 5.0;
				TARGETED_DEVICE_FAMILY = "1,2";
			};
			name = Debug;
		};
		C02638802C40B3AF00CC7055 /* Release */ = {
			isa = XCBuildConfiguration;
			buildSettings = {
				ASSETCATALOG_COMPILER_APPICON_NAME = AppIcon;
				ASSETCATALOG_COMPILER_GLOBAL_ACCENT_COLOR_NAME = AccentColor;
				CODE_SIGN_STYLE = Automatic;
				CURRENT_PROJECT_VERSION = 1;
				DEVELOPMENT_ASSET_PATHS = "\"ChatterBoxApp/Preview Content\"";
				DEVELOPMENT_TEAM = YZ486P9K6S;
				ENABLE_PREVIEWS = YES;
				GENERATE_INFOPLIST_FILE = YES;
				INFOPLIST_KEY_UIApplicationSceneManifest_Generation = YES;
				INFOPLIST_KEY_UIApplicationSupportsIndirectInputEvents = YES;
				INFOPLIST_KEY_UILaunchScreen_Generation = YES;
				INFOPLIST_KEY_UISupportedInterfaceOrientations_iPad = "UIInterfaceOrientationPortrait UIInterfaceOrientationPortraitUpsideDown UIInterfaceOrientationLandscapeLeft UIInterfaceOrientationLandscapeRight";
				INFOPLIST_KEY_UISupportedInterfaceOrientations_iPhone = "UIInterfaceOrientationPortrait UIInterfaceOrientationLandscapeLeft UIInterfaceOrientationLandscapeRight";
				LD_RUNPATH_SEARCH_PATHS = (
					"$(inherited)",
					"@executable_path/Frameworks",
				);
				MARKETING_VERSION = 1.0;
				PRODUCT_BUNDLE_IDENTIFIER = ios.ecf.fiu.edu.ChatterBoxApp;
				PRODUCT_NAME = "$(TARGET_NAME)";
				SWIFT_EMIT_LOC_STRINGS = YES;
				SWIFT_VERSION = 5.0;
				TARGETED_DEVICE_FAMILY = "1,2";
			};
			name = Release;
		};
/* End XCBuildConfiguration section */

/* Begin XCConfigurationList section */
		C026386B2C40B3AD00CC7055 /* Build configuration list for PBXProject "ChatterBoxApp" */ = {
			isa = XCConfigurationList;
			buildConfigurations = (
				C026387C2C40B3AF00CC7055 /* Debug */,
				C026387D2C40B3AF00CC7055 /* Release */,
			);
			defaultConfigurationIsVisible = 0;
			defaultConfigurationName = Release;
		};
		C026387E2C40B3AF00CC7055 /* Build configuration list for PBXNativeTarget "ChatterBoxApp" */ = {
			isa = XCConfigurationList;
			buildConfigurations = (
				C026387F2C40B3AF00CC7055 /* Debug */,
				C02638802C40B3AF00CC7055 /* Release */,
			);
			defaultConfigurationIsVisible = 0;
			defaultConfigurationName = Release;
		};
/* End XCConfigurationList section */

/* Begin XCRemoteSwiftPackageReference section */
		C02638E72C487F7300CC7055 /* XCRemoteSwiftPackageReference "firebase-ios-sdk" */ = {
			isa = XCRemoteSwiftPackageReference;
			repositoryURL = "https://github.com/firebase/firebase-ios-sdk";
			requirement = {
				kind = upToNextMajorVersion;
				minimumVersion = 10.29.0;
			};
		};
/* End XCRemoteSwiftPackageReference section */

/* Begin XCSwiftPackageProductDependency section */
		C02638E82C487F7300CC7055 /* FirebaseAuth */ = {
			isa = XCSwiftPackageProductDependency;
			package = C02638E72C487F7300CC7055 /* XCRemoteSwiftPackageReference "firebase-ios-sdk" */;
			productName = FirebaseAuth;
		};
		C0B1FA4A2C4B43C100B69F24 /* FirebaseFirestore */ = {
			isa = XCSwiftPackageProductDependency;
			package = C02638E72C487F7300CC7055 /* XCRemoteSwiftPackageReference "firebase-ios-sdk" */;
			productName = FirebaseFirestore;
		};
		C0B1FA4C2C4B43C100B69F24 /* FirebaseFirestoreSwift */ = {
			isa = XCSwiftPackageProductDependency;
			package = C02638E72C487F7300CC7055 /* XCRemoteSwiftPackageReference "firebase-ios-sdk" */;
			productName = FirebaseFirestoreSwift;
		};
/* End XCSwiftPackageProductDependency section */
	};
	rootObject = C02638682C40B3AD00CC7055 /* Project object */;
}
